version = 1
revision = 2
requires-python = ">=3.13"

[[package]]
name = "colorzero"
version = "2.0"
source = { registry = "https://pypi.org/simple" }
dependencies = [
    { name = "setuptools" },
]
sdist = { url = "https://files.pythonhosted.org/packages/b3/ca/688824a06e8c4d04c7d2fd2af2d8da27bed51af20ee5f094154e1d680334/colorzero-2.0.tar.gz", hash = "sha256:e7d5a5c26cd0dc37b164ebefc609f388de24f8593b659191e12d85f8f9d5eb58", size = 25382, upload-time = "2021-03-15T23:42:23.261Z" }
wheels = [
    { url = "https://files.pythonhosted.org/packages/7e/a6/ddd0f130e44a7593ac6c55aa93f6e256d2270fd88e9d1b64ab7f22ab8fde/colorzero-2.0-py2.py3-none-any.whl", hash = "sha256:0e60d743a6b8071498a56465f7719c96a5e92928f858bab1be2a0d606c9aa0f8", size = 26573, upload-time = "2021-03-15T23:42:21.757Z" },
]

[[package]]
name = "gpiozero"
version = "2.0.1.post3"
source = { registry = "https://pypi.org/simple" }
dependencies = [
    { name = "colorzero" },
]
sdist = { url = "https://files.pythonhosted.org/packages/67/63/864a3c36842cf7b05808aadf906763a024a1b13f2a4c8144e3163de91255/gpiozero-2.0.1.post3.tar.gz", hash = "sha256:745feab6df463ac2e9de10c67e2dd9f396e668ba4e281e92381d6c460100a8f7", size = 168403, upload-time = "2026-07-27T10:03:32.628Z" }
wheels = [
    { url = "https://files.pythonhosted.org/packages/45/cb/ec5917b454b2e82874769a348dc74cfcec5b447bf1061c827edea9702451/gpiozero-2.0.1.post3-py3-none-any.whl", hash = "sha256:d491734803a9bc6036602e6b8bbd73fb25c33da88de0fcd11a40e890b8bc2d3b", size = 151465, upload-time = "2026-07-27T10:03:31.195Z" },
]

[[package]]
name = "home-automation"
version = "0.1.0"
source = { editable = "." }
dependencies = [
    { name = "gpiozero" },
    { name = "lgpio", marker = "platform_machine == 'aarch64' and sys_platform == 'linux'" },
]

[package.metadata]
requires-dist = [
    { name = "gpiozero", specifier = ">=2.0.1.post3" },
    { name = "lgpio", marker = "platform_machine == 'aarch64' and sys_platform == 'linux'", specifier = ">=0.2.2.0" },
]

[[package]]
name = "lgpio"
version = "0.2.2.0"
source = { registry = "https://pypi.org/simple" }
sdist = { url = "https://files.pythonhosted.org/packages/56/33/26ec2e8049eaa2f077bf23a12dc61ca559fbfa7bea0516bf263d657ae275/lgpio-0.2.2.0.tar.gz", hash = "sha256:11372e653b200f76a0b3ef8a23a0735c85ec678a9f8550b9893151ed0f863fff", size = 90087, upload-time = "2024-03-29T21:59:55.901Z" }

[[package]]
name = "setuptools"
version = "83.0.0"
source = { registry = "https://pypi.org/simple" }
sdist = { url = "https://files.pythonhosted.org/packages/34/26/f5d29e25ffdb535afef2d35cdb55b325298f96debd670da4c325e08d70f4/setuptools-83.0.0.tar.gz", hash = "sha256:025bccbbf0fa05b6192bc64ae1e7b16e001fd6d6d4d5de03c97b1c1ade523bef", size = 1154254, upload-time = "2026-07-04T15:31:22.699Z" }
wheels = [
    { url = "https://files.pythonhosted.org/packages/5d/40/e1e72872c6354b306daef1703549e8e83b4d43cfea356311bf722a043752/setuptools-83.0.0-py3-none-any.whl", hash = "sha256:29b23c360f22f414dc7336bb39178cc7bcbf6021ed2733cde173f09dba19abb3", size = 1008090, upload-time = "2026-07-04T15:31:20.885Z" },
]
